
Microsoft Visual Studio Solution File, Format Version 12.00
# Visual Studio Version 17
VisualStudioVersion = 17.14.36705.20 d17.14
MinimumVisualStudioVersion = 10.0.40219.1
Project("{FAE04EC0-301F-11D3-BF4B-00C04F79EFBC}") = "TicTacToe.Server", "TicTacToe.Server\TicTacToe.Server.csproj", "{DF68E9C1-2FFF-403F-9C00-007C0061E2FA}"
EndProject
Global
	GlobalSection(SolutionConfigurationPlatforms) = preSolution
		Debug|Any CPU = Debug|Any CPU
		Release|Any CPU = Release|Any CPU
	EndGlobalSection
	GlobalSection(ProjectConfigurationPlatforms) = postSolution
		{DF68E9C1-2FFF-403F-9C00-007C0061E2FA}.Debug|Any CPU.ActiveCfg = Debug|Any CPU
		{DF68E9C1-2FFF-403F-9C00-007C0061E2FA}.Debug|Any CPU.Build.0 = Debug|Any CPU
		{DF68E9C1-2FFF-403F-9C00-007C0061E2FA}.Release|Any CPU.ActiveCfg = Release|Any CPU
		{DF68E9C1-2FFF-403F-9C00-007C0061E2FA}.Release|Any CPU.Build.0 = Release|Any CPU
	EndGlobalSection
	GlobalSection(SolutionProperties) = preSolution
		HideSolutionNode = FALSE
	EndGlobalSection
	GlobalSection(ExtensibilityGlobals) = postSolution
		SolutionGuid = {00ADA6F7-DD13-400F-BAC4-90A4662547C1}
	EndGlobalSection
EndGlobal
